{
  "name": "phaser-4-falling-objects-game-0-initial-project",
  "lockfileVersion": 3,
  "requires": true,
  "packages": {
    "": {
      "dependencies": {
        "@rive-app/canvas": "^2.39.1"
      }
    },
    "node_modules/@rive-app/canvas": {
      "version": "2.39.1",
      "resolved": "https://registry.npmjs.org/@rive-app/canvas/-/canvas-2.39.1.tgz",
      "integrity": "sha512-7Q2LNtFO4GaI78DZaH2aL6nI3EKFT5PIwj1XtFWzXYd6wUvCpc3fyk0WRzgX65DFMTdmbHl8EWVm+UEtzd8xXQ==",
      "license": "MIT"
    }
  }
}
